
Microsoft Visual Studio Solution File, Format Version 12.00
# Visual Studio Version 16
VisualStudioVersion = 16.0.31313.79
MinimumVisualStudioVersion = 10.0.40219.1
Project("{FAE04EC0-301F-11D3-BF4B-00C04F79EFBC}") = "ContactMgr", "ContactMgmr\ContactMgr.csproj", "{B58DA383-78D3-4FF2-ABE0-4506502DB3BD}"
EndProject
Project("{FAE04EC0-301F-11D3-BF4B-00C04F79EFBC}") = "A.WPF", "A.WPF\A.WPF.csproj", "{F27C84DA-AC5E-42B4-B215-7538123F24AD}"
EndProject
Project("{FAE04EC0-301F-11D3-BF4B-00C04F79EFBC}") = "Serviecs", "Serviecs\Serviecs.csproj", "{660DB6CD-A14D-48FF-8C93-3A4DFBD0139D}"
EndProject
Global
	GlobalSection(SolutionConfigurationPlatforms) = preSolution
		Debug|Any CPU = Debug|Any CPU
		Release|Any CPU = Release|Any CPU
	EndGlobalSection
	GlobalSection(ProjectConfigurationPlatforms) = postSolution
		{B58DA383-78D3-4FF2-ABE0-4506502DB3BD}.Debug|Any CPU.ActiveCfg = Debug|Any CPU
		{B58DA383-78D3-4FF2-ABE0-4506502DB3BD}.Debug|Any CPU.Build.0 = Debug|Any CPU
		{B58DA383-78D3-4FF2-ABE0-4506502DB3BD}.Release|Any CPU.ActiveCfg = Release|Any CPU
		{B58DA383-78D3-4FF2-ABE0-4506502DB3BD}.Release|Any CPU.Build.0 = Release|Any CPU
		{F27C84DA-AC5E-42B4-B215-7538123F24AD}.Debug|Any CPU.ActiveCfg = Debug|Any CPU
		{F27C84DA-AC5E-42B4-B215-7538123F24AD}.Debug|Any CPU.Build.0 = Debug|Any CPU
		{F27C84DA-AC5E-42B4-B215-7538123F24AD}.Release|Any CPU.ActiveCfg = Release|Any CPU
		{F27C84DA-AC5E-42B4-B215-7538123F24AD}.Release|Any CPU.Build.0 = Release|Any CPU
		{660DB6CD-A14D-48FF-8C93-3A4DFBD0139D}.Debug|Any CPU.ActiveCfg = Debug|Any CPU
		{660DB6CD-A14D-48FF-8C93-3A4DFBD0139D}.Debug|Any CPU.Build.0 = Debug|Any CPU
		{660DB6CD-A14D-48FF-8C93-3A4DFBD0139D}.Release|Any CPU.ActiveCfg = Release|Any CPU
		{660DB6CD-A14D-48FF-8C93-3A4DFBD0139D}.Release|Any CPU.Build.0 = Release|Any CPU
	EndGlobalSection
	GlobalSection(SolutionProperties) = preSolution
		HideSolutionNode = FALSE
	EndGlobalSection
	GlobalSection(ExtensibilityGlobals) = postSolution
		SolutionGuid = {D353EA43-9E75-4B51-99B1-F6AB5D45039C}
	EndGlobalSection
EndGlobal
